
Microsoft Visual Studio Solution File, Format Version 12.00
# Visual Studio 15
VisualStudioVersion = 15.0.26124.0
MinimumVisualStudioVersion = 15.0.26124.0
Project("{FAE04EC0-301F-11D3-BF4B-00C04F79EFBC}") = "PGControl", "PGControl.csproj", "{97A6926E-311B-46ED-BE61-DA0E1698ECB6}"
EndProject
Project("{FAE04EC0-301F-11D3-BF4B-00C04F79EFBC}") = "VLVControl", "VLVControl.csproj", "{8514C2FA-184D-4A16-826A-D2CFAB666245}"
EndProject
Project("{FAE04EC0-301F-11D3-BF4B-00C04F79EFBC}") = "AsynchronousSortControl", "AsynchronousSortControl.csproj", "{07839E2A-9B8B-422D-816A-6B832EA83B39}"
EndProject
Project("{FAE04EC0-301F-11D3-BF4B-00C04F79EFBC}") = "SimplePassword", "SimplePassword.csproj", "{FE91AD72-3CDB-4E2E-BF57-EE0C97436572}"
EndProject
Global
	GlobalSection(SolutionConfigurationPlatforms) = preSolution
		Debug|Any CPU = Debug|Any CPU
		Debug|x64 = Debug|x64
		Debug|x86 = Debug|x86
		Release|Any CPU = Release|Any CPU
		Release|x64 = Release|x64
		Release|x86 = Release|x86
	EndGlobalSection
	GlobalSection(SolutionProperties) = preSolution
		HideSolutionNode = FALSE
	EndGlobalSection
	GlobalSection(ProjectConfigurationPlatforms) = postSolution
		{97A6926E-311B-46ED-BE61-DA0E1698ECB6}.Debug|Any CPU.ActiveCfg = Debug|Any CPU
		{97A6926E-311B-46ED-BE61-DA0E1698ECB6}.Debug|Any CPU.Build.0 = Debug|Any CPU
		{97A6926E-311B-46ED-BE61-DA0E1698ECB6}.Debug|x64.ActiveCfg = Debug|Any CPU
		{97A6926E-311B-46ED-BE61-DA0E1698ECB6}.Debug|x64.Build.0 = Debug|Any CPU
		{97A6926E-311B-46ED-BE61-DA0E1698ECB6}.Debug|x86.ActiveCfg = Debug|Any CPU
		{97A6926E-311B-46ED-BE61-DA0E1698ECB6}.Debug|x86.Build.0 = Debug|Any CPU
		{97A6926E-311B-46ED-BE61-DA0E1698ECB6}.Release|Any CPU.ActiveCfg = Release|Any CPU
		{97A6926E-311B-46ED-BE61-DA0E1698ECB6}.Release|Any CPU.Build.0 = Release|Any CPU
		{97A6926E-311B-46ED-BE61-DA0E1698ECB6}.Release|x64.ActiveCfg = Release|Any CPU
		{97A6926E-311B-46ED-BE61-DA0E1698ECB6}.Release|x64.Build.0 = Release|Any CPU
		{97A6926E-311B-46ED-BE61-DA0E1698ECB6}.Release|x86.ActiveCfg = Release|Any CPU
		{97A6926E-311B-46ED-BE61-DA0E1698ECB6}.Release|x86.Build.0 = Release|Any CPU
		{8514C2FA-184D-4A16-826A-D2CFAB666245}.Debug|Any CPU.ActiveCfg = Debug|Any CPU
		{8514C2FA-184D-4A16-826A-D2CFAB666245}.Debug|Any CPU.Build.0 = Debug|Any CPU
		{8514C2FA-184D-4A16-826A-D2CFAB666245}.Debug|x64.ActiveCfg = Debug|Any CPU
		{8514C2FA-184D-4A16-826A-D2CFAB666245}.Debug|x64.Build.0 = Debug|Any CPU
		{8514C2FA-184D-4A16-826A-D2CFAB666245}.Debug|x86.ActiveCfg = Debug|Any CPU
		{8514C2FA-184D-4A16-826A-D2CFAB666245}.Debug|x86.Build.0 = Debug|Any CPU
		{8514C2FA-184D-4A16-826A-D2CFAB666245}.Release|Any CPU.ActiveCfg = Release|Any CPU
		{8514C2FA-184D-4A16-826A-D2CFAB666245}.Release|Any CPU.Build.0 = Release|Any CPU
		{8514C2FA-184D-4A16-826A-D2CFAB666245}.Release|x64.ActiveCfg = Release|Any CPU
		{8514C2FA-184D-4A16-826A-D2CFAB666245}.Release|x64.Build.0 = Release|Any CPU
		{8514C2FA-184D-4A16-826A-D2CFAB666245}.Release|x86.ActiveCfg = Release|Any CPU
		{8514C2FA-184D-4A16-826A-D2CFAB666245}.Release|x86.Build.0 = Release|Any CPU
		{07839E2A-9B8B-422D-816A-6B832EA83B39}.Debug|Any CPU.ActiveCfg = Debug|Any CPU
		{07839E2A-9B8B-422D-816A-6B832EA83B39}.Debug|Any CPU.Build.0 = Debug|Any CPU
		{07839E2A-9B8B-422D-816A-6B832EA83B39}.Debug|x64.ActiveCfg = Debug|Any CPU
		{07839E2A-9B8B-422D-816A-6B832EA83B39}.Debug|x64.Build.0 = Debug|Any CPU
		{07839E2A-9B8B-422D-816A-6B832EA83B39}.Debug|x86.ActiveCfg = Debug|Any CPU
		{07839E2A-9B8B-422D-816A-6B832EA83B39}.Debug|x86.Build.0 = Debug|Any CPU
		{07839E2A-9B8B-422D-816A-6B832EA83B39}.Release|Any CPU.ActiveCfg = Release|Any CPU
		{07839E2A-9B8B-422D-816A-6B832EA83B39}.Release|Any CPU.Build.0 = Release|Any CPU
		{07839E2A-9B8B-422D-816A-6B832EA83B39}.Release|x64.ActiveCfg = Release|Any CPU
		{07839E2A-9B8B-422D-816A-6B832EA83B39}.Release|x64.Build.0 = Release|Any CPU
		{07839E2A-9B8B-422D-816A-6B832EA83B39}.Release|x86.ActiveCfg = Release|Any CPU
		{07839E2A-9B8B-422D-816A-6B832EA83B39}.Release|x86.Build.0 = Release|Any CPU
		{FE91AD72-3CDB-4E2E-BF57-EE0C97436572}.Debug|Any CPU.ActiveCfg = Debug|Any CPU
		{FE91AD72-3CDB-4E2E-BF57-EE0C97436572}.Debug|Any CPU.Build.0 = Debug|Any CPU
		{FE91AD72-3CDB-4E2E-BF57-EE0C97436572}.Debug|x64.ActiveCfg = Debug|Any CPU
		{FE91AD72-3CDB-4E2E-BF57-EE0C97436572}.Debug|x64.Build.0 = Debug|Any CPU
		{FE91AD72-3CDB-4E2E-BF57-EE0C97436572}.Debug|x86.ActiveCfg = Debug|Any CPU
		{FE91AD72-3CDB-4E2E-BF57-EE0C97436572}.Debug|x86.Build.0 = Debug|Any CPU
		{FE91AD72-3CDB-4E2E-BF57-EE0C97436572}.Release|Any CPU.ActiveCfg = Release|Any CPU
		{FE91AD72-3CDB-4E2E-BF57-EE0C97436572}.Release|Any CPU.Build.0 = Release|Any CPU
		{FE91AD72-3CDB-4E2E-BF57-EE0C97436572}.Release|x64.ActiveCfg = Release|Any CPU
		{FE91AD72-3CDB-4E2E-BF57-EE0C97436572}.Release|x64.Build.0 = Release|Any CPU
		{FE91AD72-3CDB-4E2E-BF57-EE0C97436572}.Release|x86.ActiveCfg = Release|Any CPU
		{FE91AD72-3CDB-4E2E-BF57-EE0C97436572}.Release|x86.Build.0 = Release|Any CPU
	EndGlobalSection
EndGlobal
