
Microsoft Visual Studio Solution File, Format Version 12.00
# Visual Studio 15
VisualStudioVersion = 15.0.26124.0
MinimumVisualStudioVersion = 15.0.26124.0
Project("{FAE04EC0-301F-11D3-BF4B-00C04F79EFBC}") = "AddEntry", "AddEntry.csproj", "{32861E48-E2BF-4234-9154-14BE35FF932E}"
EndProject
Project("{FAE04EC0-301F-11D3-BF4B-00C04F79EFBC}") = "AddUserToGroup", "AddUserToGroup.csproj", "{485D6FDA-F341-4754-B5F4-428F3DF99933}"
EndProject
Project("{FAE04EC0-301F-11D3-BF4B-00C04F79EFBC}") = "Bind", "Bind.csproj", "{B2A6EEE8-6778-451E-8528-4C8CE8EABD3D}"
EndProject
Project("{FAE04EC0-301F-11D3-BF4B-00C04F79EFBC}") = "ClientSideSort", "ClientSideSort.csproj", "{4B7F7DFD-0E8E-4626-B109-294327F42C2A}"
EndProject
Project("{FAE04EC0-301F-11D3-BF4B-00C04F79EFBC}") = "CompareAttrs", "CompareAttrs.csproj", "{6C0EB449-8A39-46F4-945B-F67F796AE2FC}"
EndProject
Project("{FAE04EC0-301F-11D3-BF4B-00C04F79EFBC}") = "DelEntry", "DelEntry.csproj", "{51C0C5D4-BD3B-4D44-A57C-546C144E7F9D}"
EndProject
Project("{FAE04EC0-301F-11D3-BF4B-00C04F79EFBC}") = "DynamicGroup", "DynamicGroup.csproj", "{0FBB088F-CF0B-4A88-B616-277F0558096E}"
EndProject
Project("{FAE04EC0-301F-11D3-BF4B-00C04F79EFBC}") = "GetAttributeSchema", "GetAttributeSchema.csproj", "{CD627C27-3B3B-4660-874A-1D9F6BBB7B13}"
EndProject
Project("{FAE04EC0-301F-11D3-BF4B-00C04F79EFBC}") = "List", "List.csproj", "{810F9E44-A21E-49C0-8628-0754860E1B9B}"
EndProject
Project("{FAE04EC0-301F-11D3-BF4B-00C04F79EFBC}") = "ListGroups", "ListGroups.csproj", "{5BF88C08-D9DE-4EAD-8FC8-BC4ADCA7BC35}"
EndProject
Project("{FAE04EC0-301F-11D3-BF4B-00C04F79EFBC}") = "ModifyACL", "ModifyACL.csproj", "{4CE98C16-2EA5-440E-B4DA-B5DCF6EF4BA7}"
EndProject
Project("{FAE04EC0-301F-11D3-BF4B-00C04F79EFBC}") = "ModifyEntry", "ModifyEntry.csproj", "{6B0C767A-A703-426D-90EF-4FDD2E4FEE33}"
EndProject
Project("{FAE04EC0-301F-11D3-BF4B-00C04F79EFBC}") = "ModifyPass", "ModifyPass.csproj", "{DE8AE8E6-A0F4-4FC8-8C23-1B87B76248AC}"
EndProject
Project("{FAE04EC0-301F-11D3-BF4B-00C04F79EFBC}") = "RenameEntry", "RenameEntry.csproj", "{507FBE05-C061-494D-8068-9CE35E870B4E}"
EndProject
Project("{FAE04EC0-301F-11D3-BF4B-00C04F79EFBC}") = "Search", "Search.csproj", "{E2EA1875-F2A5-42A7-A591-8497ADAB5BA1}"
EndProject
Project("{FAE04EC0-301F-11D3-BF4B-00C04F79EFBC}") = "SecureBind", "SecureBind.csproj", "{B98DEB78-5E39-4FD2-83ED-8233929F6091}"
EndProject
Project("{FAE04EC0-301F-11D3-BF4B-00C04F79EFBC}") = "SetPassword", "SetPassword.csproj", "{AF1ECA89-2960-4EB0-B56A-513F4A21110A}"
EndProject
Project("{FAE04EC0-301F-11D3-BF4B-00C04F79EFBC}") = "StartTLS", "StartTLS.csproj", "{00E71041-AE67-40E7-922C-CEF36CD9A790}"
EndProject
Project("{FAE04EC0-301F-11D3-BF4B-00C04F79EFBC}") = "VerifyPassword", "VerifyPassword.csproj", "{637CCA04-0978-4961-B4DF-36DBF4052E8C}"
EndProject
Project("{FAE04EC0-301F-11D3-BF4B-00C04F79EFBC}") = "InteractiveSSL", "InteractiveSSL.csproj", "{8F13D828-DC82-40B3-A08A-CF214F883A24}"
EndProject
Global
	GlobalSection(SolutionConfigurationPlatforms) = preSolution
		Debug|Any CPU = Debug|Any CPU
		Debug|x64 = Debug|x64
		Debug|x86 = Debug|x86
		Release|Any CPU = Release|Any CPU
		Release|x64 = Release|x64
		Release|x86 = Release|x86
	EndGlobalSection
	GlobalSection(SolutionProperties) = preSolution
		HideSolutionNode = FALSE
	EndGlobalSection
	GlobalSection(ProjectConfigurationPlatforms) = postSolution
		{32861E48-E2BF-4234-9154-14BE35FF932E}.Debug|Any CPU.ActiveCfg = Debug|Any CPU
		{32861E48-E2BF-4234-9154-14BE35FF932E}.Debug|Any CPU.Build.0 = Debug|Any CPU
		{32861E48-E2BF-4234-9154-14BE35FF932E}.Debug|x64.ActiveCfg = Debug|Any CPU
		{32861E48-E2BF-4234-9154-14BE35FF932E}.Debug|x64.Build.0 = Debug|Any CPU
		{32861E48-E2BF-4234-9154-14BE35FF932E}.Debug|x86.ActiveCfg = Debug|Any CPU
		{32861E48-E2BF-4234-9154-14BE35FF932E}.Debug|x86.Build.0 = Debug|Any CPU
		{32861E48-E2BF-4234-9154-14BE35FF932E}.Release|Any CPU.ActiveCfg = Release|Any CPU
		{32861E48-E2BF-4234-9154-14BE35FF932E}.Release|Any CPU.Build.0 = Release|Any CPU
		{32861E48-E2BF-4234-9154-14BE35FF932E}.Release|x64.ActiveCfg = Release|Any CPU
		{32861E48-E2BF-4234-9154-14BE35FF932E}.Release|x64.Build.0 = Release|Any CPU
		{32861E48-E2BF-4234-9154-14BE35FF932E}.Release|x86.ActiveCfg = Release|Any CPU
		{32861E48-E2BF-4234-9154-14BE35FF932E}.Release|x86.Build.0 = Release|Any CPU
		{485D6FDA-F341-4754-B5F4-428F3DF99933}.Debug|Any CPU.ActiveCfg = Debug|Any CPU
		{485D6FDA-F341-4754-B5F4-428F3DF99933}.Debug|Any CPU.Build.0 = Debug|Any CPU
		{485D6FDA-F341-4754-B5F4-428F3DF99933}.Debug|x64.ActiveCfg = Debug|Any CPU
		{485D6FDA-F341-4754-B5F4-428F3DF99933}.Debug|x64.Build.0 = Debug|Any CPU
		{485D6FDA-F341-4754-B5F4-428F3DF99933}.Debug|x86.ActiveCfg = Debug|Any CPU
		{485D6FDA-F341-4754-B5F4-428F3DF99933}.Debug|x86.Build.0 = Debug|Any CPU
		{485D6FDA-F341-4754-B5F4-428F3DF99933}.Release|Any CPU.ActiveCfg = Release|Any CPU
		{485D6FDA-F341-4754-B5F4-428F3DF99933}.Release|Any CPU.Build.0 = Release|Any CPU
		{485D6FDA-F341-4754-B5F4-428F3DF99933}.Release|x64.ActiveCfg = Release|Any CPU
		{485D6FDA-F341-4754-B5F4-428F3DF99933}.Release|x64.Build.0 = Release|Any CPU
		{485D6FDA-F341-4754-B5F4-428F3DF99933}.Release|x86.ActiveCfg = Release|Any CPU
		{485D6FDA-F341-4754-B5F4-428F3DF99933}.Release|x86.Build.0 = Release|Any CPU
		{B2A6EEE8-6778-451E-8528-4C8CE8EABD3D}.Debug|Any CPU.ActiveCfg = Debug|Any CPU
		{B2A6EEE8-6778-451E-8528-4C8CE8EABD3D}.Debug|Any CPU.Build.0 = Debug|Any CPU
		{B2A6EEE8-6778-451E-8528-4C8CE8EABD3D}.Debug|x64.ActiveCfg = Debug|Any CPU
		{B2A6EEE8-6778-451E-8528-4C8CE8EABD3D}.Debug|x64.Build.0 = Debug|Any CPU
		{B2A6EEE8-6778-451E-8528-4C8CE8EABD3D}.Debug|x86.ActiveCfg = Debug|Any CPU
		{B2A6EEE8-6778-451E-8528-4C8CE8EABD3D}.Debug|x86.Build.0 = Debug|Any CPU
		{B2A6EEE8-6778-451E-8528-4C8CE8EABD3D}.Release|Any CPU.ActiveCfg = Release|Any CPU
		{B2A6EEE8-6778-451E-8528-4C8CE8EABD3D}.Release|Any CPU.Build.0 = Release|Any CPU
		{B2A6EEE8-6778-451E-8528-4C8CE8EABD3D}.Release|x64.ActiveCfg = Release|Any CPU
		{B2A6EEE8-6778-451E-8528-4C8CE8EABD3D}.Release|x64.Build.0 = Release|Any CPU
		{B2A6EEE8-6778-451E-8528-4C8CE8EABD3D}.Release|x86.ActiveCfg = Release|Any CPU
		{B2A6EEE8-6778-451E-8528-4C8CE8EABD3D}.Release|x86.Build.0 = Release|Any CPU
		{4B7F7DFD-0E8E-4626-B109-294327F42C2A}.Debug|Any CPU.ActiveCfg = Debug|Any CPU
		{4B7F7DFD-0E8E-4626-B109-294327F42C2A}.Debug|Any CPU.Build.0 = Debug|Any CPU
		{4B7F7DFD-0E8E-4626-B109-294327F42C2A}.Debug|x64.ActiveCfg = Debug|Any CPU
		{4B7F7DFD-0E8E-4626-B109-294327F42C2A}.Debug|x64.Build.0 = Debug|Any CPU
		{4B7F7DFD-0E8E-4626-B109-294327F42C2A}.Debug|x86.ActiveCfg = Debug|Any CPU
		{4B7F7DFD-0E8E-4626-B109-294327F42C2A}.Debug|x86.Build.0 = Debug|Any CPU
		{4B7F7DFD-0E8E-4626-B109-294327F42C2A}.Release|Any CPU.ActiveCfg = Release|Any CPU
		{4B7F7DFD-0E8E-4626-B109-294327F42C2A}.Release|Any CPU.Build.0 = Release|Any CPU
		{4B7F7DFD-0E8E-4626-B109-294327F42C2A}.Release|x64.ActiveCfg = Release|Any CPU
		{4B7F7DFD-0E8E-4626-B109-294327F42C2A}.Release|x64.Build.0 = Release|Any CPU
		{4B7F7DFD-0E8E-4626-B109-294327F42C2A}.Release|x86.ActiveCfg = Release|Any CPU
		{4B7F7DFD-0E8E-4626-B109-294327F42C2A}.Release|x86.Build.0 = Release|Any CPU
		{6C0EB449-8A39-46F4-945B-F67F796AE2FC}.Debug|Any CPU.ActiveCfg = Debug|Any CPU
		{6C0EB449-8A39-46F4-945B-F67F796AE2FC}.Debug|Any CPU.Build.0 = Debug|Any CPU
		{6C0EB449-8A39-46F4-945B-F67F796AE2FC}.Debug|x64.ActiveCfg = Debug|Any CPU
		{6C0EB449-8A39-46F4-945B-F67F796AE2FC}.Debug|x64.Build.0 = Debug|Any CPU
		{6C0EB449-8A39-46F4-945B-F67F796AE2FC}.Debug|x86.ActiveCfg = Debug|Any CPU
		{6C0EB449-8A39-46F4-945B-F67F796AE2FC}.Debug|x86.Build.0 = Debug|Any CPU
		{6C0EB449-8A39-46F4-945B-F67F796AE2FC}.Release|Any CPU.ActiveCfg = Release|Any CPU
		{6C0EB449-8A39-46F4-945B-F67F796AE2FC}.Release|Any CPU.Build.0 = Release|Any CPU
		{6C0EB449-8A39-46F4-945B-F67F796AE2FC}.Release|x64.ActiveCfg = Release|Any CPU
		{6C0EB449-8A39-46F4-945B-F67F796AE2FC}.Release|x64.Build.0 = Release|Any CPU
		{6C0EB449-8A39-46F4-945B-F67F796AE2FC}.Release|x86.ActiveCfg = Release|Any CPU
		{6C0EB449-8A39-46F4-945B-F67F796AE2FC}.Release|x86.Build.0 = Release|Any CPU
		{51C0C5D4-BD3B-4D44-A57C-546C144E7F9D}.Debug|Any CPU.ActiveCfg = Debug|Any CPU
		{51C0C5D4-BD3B-4D44-A57C-546C144E7F9D}.Debug|Any CPU.Build.0 = Debug|Any CPU
		{51C0C5D4-BD3B-4D44-A57C-546C144E7F9D}.Debug|x64.ActiveCfg = Debug|Any CPU
		{51C0C5D4-BD3B-4D44-A57C-546C144E7F9D}.Debug|x64.Build.0 = Debug|Any CPU
		{51C0C5D4-BD3B-4D44-A57C-546C144E7F9D}.Debug|x86.ActiveCfg = Debug|Any CPU
		{51C0C5D4-BD3B-4D44-A57C-546C144E7F9D}.Debug|x86.Build.0 = Debug|Any CPU
		{51C0C5D4-BD3B-4D44-A57C-546C144E7F9D}.Release|Any CPU.ActiveCfg = Release|Any CPU
		{51C0C5D4-BD3B-4D44-A57C-546C144E7F9D}.Release|Any CPU.Build.0 = Release|Any CPU
		{51C0C5D4-BD3B-4D44-A57C-546C144E7F9D}.Release|x64.ActiveCfg = Release|Any CPU
		{51C0C5D4-BD3B-4D44-A57C-546C144E7F9D}.Release|x64.Build.0 = Release|Any CPU
		{51C0C5D4-BD3B-4D44-A57C-546C144E7F9D}.Release|x86.ActiveCfg = Release|Any CPU
		{51C0C5D4-BD3B-4D44-A57C-546C144E7F9D}.Release|x86.Build.0 = Release|Any CPU
		{0FBB088F-CF0B-4A88-B616-277F0558096E}.Debug|Any CPU.ActiveCfg = Debug|Any CPU
		{0FBB088F-CF0B-4A88-B616-277F0558096E}.Debug|Any CPU.Build.0 = Debug|Any CPU
		{0FBB088F-CF0B-4A88-B616-277F0558096E}.Debug|x64.ActiveCfg = Debug|Any CPU
		{0FBB088F-CF0B-4A88-B616-277F0558096E}.Debug|x64.Build.0 = Debug|Any CPU
		{0FBB088F-CF0B-4A88-B616-277F0558096E}.Debug|x86.ActiveCfg = Debug|Any CPU
		{0FBB088F-CF0B-4A88-B616-277F0558096E}.Debug|x86.Build.0 = Debug|Any CPU
		{0FBB088F-CF0B-4A88-B616-277F0558096E}.Release|Any CPU.ActiveCfg = Release|Any CPU
		{0FBB088F-CF0B-4A88-B616-277F0558096E}.Release|Any CPU.Build.0 = Release|Any CPU
		{0FBB088F-CF0B-4A88-B616-277F0558096E}.Release|x64.ActiveCfg = Release|Any CPU
		{0FBB088F-CF0B-4A88-B616-277F0558096E}.Release|x64.Build.0 = Release|Any CPU
		{0FBB088F-CF0B-4A88-B616-277F0558096E}.Release|x86.ActiveCfg = Release|Any CPU
		{0FBB088F-CF0B-4A88-B616-277F0558096E}.Release|x86.Build.0 = Release|Any CPU
		{CD627C27-3B3B-4660-874A-1D9F6BBB7B13}.Debug|Any CPU.ActiveCfg = Debug|Any CPU
		{CD627C27-3B3B-4660-874A-1D9F6BBB7B13}.Debug|Any CPU.Build.0 = Debug|Any CPU
		{CD627C27-3B3B-4660-874A-1D9F6BBB7B13}.Debug|x64.ActiveCfg = Debug|Any CPU
		{CD627C27-3B3B-4660-874A-1D9F6BBB7B13}.Debug|x64.Build.0 = Debug|Any CPU
		{CD627C27-3B3B-4660-874A-1D9F6BBB7B13}.Debug|x86.ActiveCfg = Debug|Any CPU
		{CD627C27-3B3B-4660-874A-1D9F6BBB7B13}.Debug|x86.Build.0 = Debug|Any CPU
		{CD627C27-3B3B-4660-874A-1D9F6BBB7B13}.Release|Any CPU.ActiveCfg = Release|Any CPU
		{CD627C27-3B3B-4660-874A-1D9F6BBB7B13}.Release|Any CPU.Build.0 = Release|Any CPU
		{CD627C27-3B3B-4660-874A-1D9F6BBB7B13}.Release|x64.ActiveCfg = Release|Any CPU
		{CD627C27-3B3B-4660-874A-1D9F6BBB7B13}.Release|x64.Build.0 = Release|Any CPU
		{CD627C27-3B3B-4660-874A-1D9F6BBB7B13}.Release|x86.ActiveCfg = Release|Any CPU
		{CD627C27-3B3B-4660-874A-1D9F6BBB7B13}.Release|x86.Build.0 = Release|Any CPU
		{810F9E44-A21E-49C0-8628-0754860E1B9B}.Debug|Any CPU.ActiveCfg = Debug|Any CPU
		{810F9E44-A21E-49C0-8628-0754860E1B9B}.Debug|Any CPU.Build.0 = Debug|Any CPU
		{810F9E44-A21E-49C0-8628-0754860E1B9B}.Debug|x64.ActiveCfg = Debug|Any CPU
		{810F9E44-A21E-49C0-8628-0754860E1B9B}.Debug|x64.Build.0 = Debug|Any CPU
		{810F9E44-A21E-49C0-8628-0754860E1B9B}.Debug|x86.ActiveCfg = Debug|Any CPU
		{810F9E44-A21E-49C0-8628-0754860E1B9B}.Debug|x86.Build.0 = Debug|Any CPU
		{810F9E44-A21E-49C0-8628-0754860E1B9B}.Release|Any CPU.ActiveCfg = Release|Any CPU
		{810F9E44-A21E-49C0-8628-0754860E1B9B}.Release|Any CPU.Build.0 = Release|Any CPU
		{810F9E44-A21E-49C0-8628-0754860E1B9B}.Release|x64.ActiveCfg = Release|Any CPU
		{810F9E44-A21E-49C0-8628-0754860E1B9B}.Release|x64.Build.0 = Release|Any CPU
		{810F9E44-A21E-49C0-8628-0754860E1B9B}.Release|x86.ActiveCfg = Release|Any CPU
		{810F9E44-A21E-49C0-8628-0754860E1B9B}.Release|x86.Build.0 = Release|Any CPU
		{5BF88C08-D9DE-4EAD-8FC8-BC4ADCA7BC35}.Debug|Any CPU.ActiveCfg = Debug|Any CPU
		{5BF88C08-D9DE-4EAD-8FC8-BC4ADCA7BC35}.Debug|Any CPU.Build.0 = Debug|Any CPU
		{5BF88C08-D9DE-4EAD-8FC8-BC4ADCA7BC35}.Debug|x64.ActiveCfg = Debug|Any CPU
		{5BF88C08-D9DE-4EAD-8FC8-BC4ADCA7BC35}.Debug|x64.Build.0 = Debug|Any CPU
		{5BF88C08-D9DE-4EAD-8FC8-BC4ADCA7BC35}.Debug|x86.ActiveCfg = Debug|Any CPU
		{5BF88C08-D9DE-4EAD-8FC8-BC4ADCA7BC35}.Debug|x86.Build.0 = Debug|Any CPU
		{5BF88C08-D9DE-4EAD-8FC8-BC4ADCA7BC35}.Release|Any CPU.ActiveCfg = Release|Any CPU
		{5BF88C08-D9DE-4EAD-8FC8-BC4ADCA7BC35}.Release|Any CPU.Build.0 = Release|Any CPU
		{5BF88C08-D9DE-4EAD-8FC8-BC4ADCA7BC35}.Release|x64.ActiveCfg = Release|Any CPU
		{5BF88C08-D9DE-4EAD-8FC8-BC4ADCA7BC35}.Release|x64.Build.0 = Release|Any CPU
		{5BF88C08-D9DE-4EAD-8FC8-BC4ADCA7BC35}.Release|x86.ActiveCfg = Release|Any CPU
		{5BF88C08-D9DE-4EAD-8FC8-BC4ADCA7BC35}.Release|x86.Build.0 = Release|Any CPU
		{4CE98C16-2EA5-440E-B4DA-B5DCF6EF4BA7}.Debug|Any CPU.ActiveCfg = Debug|Any CPU
		{4CE98C16-2EA5-440E-B4DA-B5DCF6EF4BA7}.Debug|Any CPU.Build.0 = Debug|Any CPU
		{4CE98C16-2EA5-440E-B4DA-B5DCF6EF4BA7}.Debug|x64.ActiveCfg = Debug|Any CPU
		{4CE98C16-2EA5-440E-B4DA-B5DCF6EF4BA7}.Debug|x64.Build.0 = Debug|Any CPU
		{4CE98C16-2EA5-440E-B4DA-B5DCF6EF4BA7}.Debug|x86.ActiveCfg = Debug|Any CPU
		{4CE98C16-2EA5-440E-B4DA-B5DCF6EF4BA7}.Debug|x86.Build.0 = Debug|Any CPU
		{4CE98C16-2EA5-440E-B4DA-B5DCF6EF4BA7}.Release|Any CPU.ActiveCfg = Release|Any CPU
		{4CE98C16-2EA5-440E-B4DA-B5DCF6EF4BA7}.Release|Any CPU.Build.0 = Release|Any CPU
		{4CE98C16-2EA5-440E-B4DA-B5DCF6EF4BA7}.Release|x64.ActiveCfg = Release|Any CPU
		{4CE98C16-2EA5-440E-B4DA-B5DCF6EF4BA7}.Release|x64.Build.0 = Release|Any CPU
		{4CE98C16-2EA5-440E-B4DA-B5DCF6EF4BA7}.Release|x86.ActiveCfg = Release|Any CPU
		{4CE98C16-2EA5-440E-B4DA-B5DCF6EF4BA7}.Release|x86.Build.0 = Release|Any CPU
		{6B0C767A-A703-426D-90EF-4FDD2E4FEE33}.Debug|Any CPU.ActiveCfg = Debug|Any CPU
		{6B0C767A-A703-426D-90EF-4FDD2E4FEE33}.Debug|Any CPU.Build.0 = Debug|Any CPU
		{6B0C767A-A703-426D-90EF-4FDD2E4FEE33}.Debug|x64.ActiveCfg = Debug|Any CPU
		{6B0C767A-A703-426D-90EF-4FDD2E4FEE33}.Debug|x64.Build.0 = Debug|Any CPU
		{6B0C767A-A703-426D-90EF-4FDD2E4FEE33}.Debug|x86.ActiveCfg = Debug|Any CPU
		{6B0C767A-A703-426D-90EF-4FDD2E4FEE33}.Debug|x86.Build.0 = Debug|Any CPU
		{6B0C767A-A703-426D-90EF-4FDD2E4FEE33}.Release|Any CPU.ActiveCfg = Release|Any CPU
		{6B0C767A-A703-426D-90EF-4FDD2E4FEE33}.Release|Any CPU.Build.0 = Release|Any CPU
		{6B0C767A-A703-426D-90EF-4FDD2E4FEE33}.Release|x64.ActiveCfg = Release|Any CPU
		{6B0C767A-A703-426D-90EF-4FDD2E4FEE33}.Release|x64.Build.0 = Release|Any CPU
		{6B0C767A-A703-426D-90EF-4FDD2E4FEE33}.Release|x86.ActiveCfg = Release|Any CPU
		{6B0C767A-A703-426D-90EF-4FDD2E4FEE33}.Release|x86.Build.0 = Release|Any CPU
		{DE8AE8E6-A0F4-4FC8-8C23-1B87B76248AC}.Debug|Any CPU.ActiveCfg = Debug|Any CPU
		{DE8AE8E6-A0F4-4FC8-8C23-1B87B76248AC}.Debug|Any CPU.Build.0 = Debug|Any CPU
		{DE8AE8E6-A0F4-4FC8-8C23-1B87B76248AC}.Debug|x64.ActiveCfg = Debug|Any CPU
		{DE8AE8E6-A0F4-4FC8-8C23-1B87B76248AC}.Debug|x64.Build.0 = Debug|Any CPU
		{DE8AE8E6-A0F4-4FC8-8C23-1B87B76248AC}.Debug|x86.ActiveCfg = Debug|Any CPU
		{DE8AE8E6-A0F4-4FC8-8C23-1B87B76248AC}.Debug|x86.Build.0 = Debug|Any CPU
		{DE8AE8E6-A0F4-4FC8-8C23-1B87B76248AC}.Release|Any CPU.ActiveCfg = Release|Any CPU
		{DE8AE8E6-A0F4-4FC8-8C23-1B87B76248AC}.Release|Any CPU.Build.0 = Release|Any CPU
		{DE8AE8E6-A0F4-4FC8-8C23-1B87B76248AC}.Release|x64.ActiveCfg = Release|Any CPU
		{DE8AE8E6-A0F4-4FC8-8C23-1B87B76248AC}.Release|x64.Build.0 = Release|Any CPU
		{DE8AE8E6-A0F4-4FC8-8C23-1B87B76248AC}.Release|x86.ActiveCfg = Release|Any CPU
		{DE8AE8E6-A0F4-4FC8-8C23-1B87B76248AC}.Release|x86.Build.0 = Release|Any CPU
		{507FBE05-C061-494D-8068-9CE35E870B4E}.Debug|Any CPU.ActiveCfg = Debug|Any CPU
		{507FBE05-C061-494D-8068-9CE35E870B4E}.Debug|Any CPU.Build.0 = Debug|Any CPU
		{507FBE05-C061-494D-8068-9CE35E870B4E}.Debug|x64.ActiveCfg = Debug|Any CPU
		{507FBE05-C061-494D-8068-9CE35E870B4E}.Debug|x64.Build.0 = Debug|Any CPU
		{507FBE05-C061-494D-8068-9CE35E870B4E}.Debug|x86.ActiveCfg = Debug|Any CPU
		{507FBE05-C061-494D-8068-9CE35E870B4E}.Debug|x86.Build.0 = Debug|Any CPU
		{507FBE05-C061-494D-8068-9CE35E870B4E}.Release|Any CPU.ActiveCfg = Release|Any CPU
		{507FBE05-C061-494D-8068-9CE35E870B4E}.Release|Any CPU.Build.0 = Release|Any CPU
		{507FBE05-C061-494D-8068-9CE35E870B4E}.Release|x64.ActiveCfg = Release|Any CPU
		{507FBE05-C061-494D-8068-9CE35E870B4E}.Release|x64.Build.0 = Release|Any CPU
		{507FBE05-C061-494D-8068-9CE35E870B4E}.Release|x86.ActiveCfg = Release|Any CPU
		{507FBE05-C061-494D-8068-9CE35E870B4E}.Release|x86.Build.0 = Release|Any CPU
		{E2EA1875-F2A5-42A7-A591-8497ADAB5BA1}.Debug|Any CPU.ActiveCfg = Debug|Any CPU
		{E2EA1875-F2A5-42A7-A591-8497ADAB5BA1}.Debug|Any CPU.Build.0 = Debug|Any CPU
		{E2EA1875-F2A5-42A7-A591-8497ADAB5BA1}.Debug|x64.ActiveCfg = Debug|Any CPU
		{E2EA1875-F2A5-42A7-A591-8497ADAB5BA1}.Debug|x64.Build.0 = Debug|Any CPU
		{E2EA1875-F2A5-42A7-A591-8497ADAB5BA1}.Debug|x86.ActiveCfg = Debug|Any CPU
		{E2EA1875-F2A5-42A7-A591-8497ADAB5BA1}.Debug|x86.Build.0 = Debug|Any CPU
		{E2EA1875-F2A5-42A7-A591-8497ADAB5BA1}.Release|Any CPU.ActiveCfg = Release|Any CPU
		{E2EA1875-F2A5-42A7-A591-8497ADAB5BA1}.Release|Any CPU.Build.0 = Release|Any CPU
		{E2EA1875-F2A5-42A7-A591-8497ADAB5BA1}.Release|x64.ActiveCfg = Release|Any CPU
		{E2EA1875-F2A5-42A7-A591-8497ADAB5BA1}.Release|x64.Build.0 = Release|Any CPU
		{E2EA1875-F2A5-42A7-A591-8497ADAB5BA1}.Release|x86.ActiveCfg = Release|Any CPU
		{E2EA1875-F2A5-42A7-A591-8497ADAB5BA1}.Release|x86.Build.0 = Release|Any CPU
		{B98DEB78-5E39-4FD2-83ED-8233929F6091}.Debug|Any CPU.ActiveCfg = Debug|Any CPU
		{B98DEB78-5E39-4FD2-83ED-8233929F6091}.Debug|Any CPU.Build.0 = Debug|Any CPU
		{B98DEB78-5E39-4FD2-83ED-8233929F6091}.Debug|x64.ActiveCfg = Debug|Any CPU
		{B98DEB78-5E39-4FD2-83ED-8233929F6091}.Debug|x64.Build.0 = Debug|Any CPU
		{B98DEB78-5E39-4FD2-83ED-8233929F6091}.Debug|x86.ActiveCfg = Debug|Any CPU
		{B98DEB78-5E39-4FD2-83ED-8233929F6091}.Debug|x86.Build.0 = Debug|Any CPU
		{B98DEB78-5E39-4FD2-83ED-8233929F6091}.Release|Any CPU.ActiveCfg = Release|Any CPU
		{B98DEB78-5E39-4FD2-83ED-8233929F6091}.Release|Any CPU.Build.0 = Release|Any CPU
		{B98DEB78-5E39-4FD2-83ED-8233929F6091}.Release|x64.ActiveCfg = Release|Any CPU
		{B98DEB78-5E39-4FD2-83ED-8233929F6091}.Release|x64.Build.0 = Release|Any CPU
		{B98DEB78-5E39-4FD2-83ED-8233929F6091}.Release|x86.ActiveCfg = Release|Any CPU
		{B98DEB78-5E39-4FD2-83ED-8233929F6091}.Release|x86.Build.0 = Release|Any CPU
		{AF1ECA89-2960-4EB0-B56A-513F4A21110A}.Debug|Any CPU.ActiveCfg = Debug|Any CPU
		{AF1ECA89-2960-4EB0-B56A-513F4A21110A}.Debug|Any CPU.Build.0 = Debug|Any CPU
		{AF1ECA89-2960-4EB0-B56A-513F4A21110A}.Debug|x64.ActiveCfg = Debug|Any CPU
		{AF1ECA89-2960-4EB0-B56A-513F4A21110A}.Debug|x64.Build.0 = Debug|Any CPU
		{AF1ECA89-2960-4EB0-B56A-513F4A21110A}.Debug|x86.ActiveCfg = Debug|Any CPU
		{AF1ECA89-2960-4EB0-B56A-513F4A21110A}.Debug|x86.Build.0 = Debug|Any CPU
		{AF1ECA89-2960-4EB0-B56A-513F4A21110A}.Release|Any CPU.ActiveCfg = Release|Any CPU
		{AF1ECA89-2960-4EB0-B56A-513F4A21110A}.Release|Any CPU.Build.0 = Release|Any CPU
		{AF1ECA89-2960-4EB0-B56A-513F4A21110A}.Release|x64.ActiveCfg = Release|Any CPU
		{AF1ECA89-2960-4EB0-B56A-513F4A21110A}.Release|x64.Build.0 = Release|Any CPU
		{AF1ECA89-2960-4EB0-B56A-513F4A21110A}.Release|x86.ActiveCfg = Release|Any CPU
		{AF1ECA89-2960-4EB0-B56A-513F4A21110A}.Release|x86.Build.0 = Release|Any CPU
		{00E71041-AE67-40E7-922C-CEF36CD9A790}.Debug|Any CPU.ActiveCfg = Debug|Any CPU
		{00E71041-AE67-40E7-922C-CEF36CD9A790}.Debug|Any CPU.Build.0 = Debug|Any CPU
		{00E71041-AE67-40E7-922C-CEF36CD9A790}.Debug|x64.ActiveCfg = Debug|Any CPU
		{00E71041-AE67-40E7-922C-CEF36CD9A790}.Debug|x64.Build.0 = Debug|Any CPU
		{00E71041-AE67-40E7-922C-CEF36CD9A790}.Debug|x86.ActiveCfg = Debug|Any CPU
		{00E71041-AE67-40E7-922C-CEF36CD9A790}.Debug|x86.Build.0 = Debug|Any CPU
		{00E71041-AE67-40E7-922C-CEF36CD9A790}.Release|Any CPU.ActiveCfg = Release|Any CPU
		{00E71041-AE67-40E7-922C-CEF36CD9A790}.Release|Any CPU.Build.0 = Release|Any CPU
		{00E71041-AE67-40E7-922C-CEF36CD9A790}.Release|x64.ActiveCfg = Release|Any CPU
		{00E71041-AE67-40E7-922C-CEF36CD9A790}.Release|x64.Build.0 = Release|Any CPU
		{00E71041-AE67-40E7-922C-CEF36CD9A790}.Release|x86.ActiveCfg = Release|Any CPU
		{00E71041-AE67-40E7-922C-CEF36CD9A790}.Release|x86.Build.0 = Release|Any CPU
		{637CCA04-0978-4961-B4DF-36DBF4052E8C}.Debug|Any CPU.ActiveCfg = Debug|Any CPU
		{637CCA04-0978-4961-B4DF-36DBF4052E8C}.Debug|Any CPU.Build.0 = Debug|Any CPU
		{637CCA04-0978-4961-B4DF-36DBF4052E8C}.Debug|x64.ActiveCfg = Debug|Any CPU
		{637CCA04-0978-4961-B4DF-36DBF4052E8C}.Debug|x64.Build.0 = Debug|Any CPU
		{637CCA04-0978-4961-B4DF-36DBF4052E8C}.Debug|x86.ActiveCfg = Debug|Any CPU
		{637CCA04-0978-4961-B4DF-36DBF4052E8C}.Debug|x86.Build.0 = Debug|Any CPU
		{637CCA04-0978-4961-B4DF-36DBF4052E8C}.Release|Any CPU.ActiveCfg = Release|Any CPU
		{637CCA04-0978-4961-B4DF-36DBF4052E8C}.Release|Any CPU.Build.0 = Release|Any CPU
		{637CCA04-0978-4961-B4DF-36DBF4052E8C}.Release|x64.ActiveCfg = Release|Any CPU
		{637CCA04-0978-4961-B4DF-36DBF4052E8C}.Release|x64.Build.0 = Release|Any CPU
		{637CCA04-0978-4961-B4DF-36DBF4052E8C}.Release|x86.ActiveCfg = Release|Any CPU
		{637CCA04-0978-4961-B4DF-36DBF4052E8C}.Release|x86.Build.0 = Release|Any CPU
		{8F13D828-DC82-40B3-A08A-CF214F883A24}.Debug|Any CPU.ActiveCfg = Debug|Any CPU
		{8F13D828-DC82-40B3-A08A-CF214F883A24}.Debug|Any CPU.Build.0 = Debug|Any CPU
		{8F13D828-DC82-40B3-A08A-CF214F883A24}.Debug|x64.ActiveCfg = Debug|Any CPU
		{8F13D828-DC82-40B3-A08A-CF214F883A24}.Debug|x64.Build.0 = Debug|Any CPU
		{8F13D828-DC82-40B3-A08A-CF214F883A24}.Debug|x86.ActiveCfg = Debug|Any CPU
		{8F13D828-DC82-40B3-A08A-CF214F883A24}.Debug|x86.Build.0 = Debug|Any CPU
		{8F13D828-DC82-40B3-A08A-CF214F883A24}.Release|Any CPU.ActiveCfg = Release|Any CPU
		{8F13D828-DC82-40B3-A08A-CF214F883A24}.Release|Any CPU.Build.0 = Release|Any CPU
		{8F13D828-DC82-40B3-A08A-CF214F883A24}.Release|x64.ActiveCfg = Release|Any CPU
		{8F13D828-DC82-40B3-A08A-CF214F883A24}.Release|x64.Build.0 = Release|Any CPU
		{8F13D828-DC82-40B3-A08A-CF214F883A24}.Release|x86.ActiveCfg = Release|Any CPU
		{8F13D828-DC82-40B3-A08A-CF214F883A24}.Release|x86.Build.0 = Release|Any CPU
	EndGlobalSection
EndGlobal
