
Microsoft Visual Studio Solution File, Format Version 12.00
# Visual Studio 15
VisualStudioVersion = 15.0.26124.0
MinimumVisualStudioVersion = 15.0.26124.0
Project("{FAE04EC0-301F-11D3-BF4B-00C04F79EFBC}") = "AddEntry", "AddEntry.csproj", "{32861E48-E2BF-4234-9154-14BE35FF932E}"
EndProject
Project("{FAE04EC0-301F-11D3-BF4B-00C04F79EFBC}") = "AddUserToGroup", "AddUserToGroup.csproj", "{485D6FDA-F341-4754-B5F4-428F3DF99933}"
EndProject
Project("{FAE04EC0-301F-11D3-BF4B-00C04F79EFBC}") = "Bind", "Bind.csproj", "{B2A6EEE8-6778-451E-8528-4C8CE8EABD3D}"
EndProject
Project("{FAE04EC0-301F-11D3-BF4B-00C04F79EFBC}") = "ClientSideSort", "ClientSideSort.csproj", "{4B7F7DFD-0E8E-4626-B109-294327F42C2A}"
EndProject
Project("{FAE04EC0-301F-11D3-BF4B-00C04F79EFBC}") = "CompareAttrs", "CompareAttrs.csproj", "{6C0EB449-8A39-46F4-945B-F67F796AE2FC}"
EndProject
Project("{FAE04EC0-301F-11D3-BF4B-00C04F79EFBC}") = "DelEntry", "DelEntry.csproj", "{51C0C5D4-BD3B-4D44-A57C-546C144E7F9D}"
EndProject
Project("{FAE04EC0-301F-11D3-BF4B-00C04F79EFBC}") = "DynamicGroup", "DynamicGroup.csproj", "{0FBB088F-CF0B-4A88-B616-277F0558096E}"
EndProject
Project("{FAE04EC0-301F-11D3-BF4B-00C04F79EFBC}") = "GetAttributeSchema", "GetAttributeSchema.csproj", "{CD627C27-3B3B-4660-874A-1D9F6BBB7B13}"
EndProject
Global
	GlobalSection(SolutionConfigurationPlatforms) = preSolution
		Debug|Any CPU = Debug|Any CPU
		Debug|x64 = Debug|x64
		Debug|x86 = Debug|x86
		Release|Any CPU = Release|Any CPU
		Release|x64 = Release|x64
		Release|x86 = Release|x86
	EndGlobalSection
	GlobalSection(SolutionProperties) = preSolution
		HideSolutionNode = FALSE
	EndGlobalSection
	GlobalSection(ProjectConfigurationPlatforms) = postSolution
		{32861E48-E2BF-4234-9154-14BE35FF932E}.Debug|Any CPU.ActiveCfg = Debug|Any CPU
		{32861E48-E2BF-4234-9154-14BE35FF932E}.Debug|Any CPU.Build.0 = Debug|Any CPU
		{32861E48-E2BF-4234-9154-14BE35FF932E}.Debug|x64.ActiveCfg = Debug|Any CPU
		{32861E48-E2BF-4234-9154-14BE35FF932E}.Debug|x64.Build.0 = Debug|Any CPU
		{32861E48-E2BF-4234-9154-14BE35FF932E}.Debug|x86.ActiveCfg = Debug|Any CPU
		{32861E48-E2BF-4234-9154-14BE35FF932E}.Debug|x86.Build.0 = Debug|Any CPU
		{32861E48-E2BF-4234-9154-14BE35FF932E}.Release|Any CPU.ActiveCfg = Release|Any CPU
		{32861E48-E2BF-4234-9154-14BE35FF932E}.Release|Any CPU.Build.0 = Release|Any CPU
		{32861E48-E2BF-4234-9154-14BE35FF932E}.Release|x64.ActiveCfg = Release|Any CPU
		{32861E48-E2BF-4234-9154-14BE35FF932E}.Release|x64.Build.0 = Release|Any CPU
		{32861E48-E2BF-4234-9154-14BE35FF932E}.Release|x86.ActiveCfg = Release|Any CPU
		{32861E48-E2BF-4234-9154-14BE35FF932E}.Release|x86.Build.0 = Release|Any CPU
		{485D6FDA-F341-4754-B5F4-428F3DF99933}.Debug|Any CPU.ActiveCfg = Debug|Any CPU
		{485D6FDA-F341-4754-B5F4-428F3DF99933}.Debug|Any CPU.Build.0 = Debug|Any CPU
		{485D6FDA-F341-4754-B5F4-428F3DF99933}.Debug|x64.ActiveCfg = Debug|Any CPU
		{485D6FDA-F341-4754-B5F4-428F3DF99933}.Debug|x64.Build.0 = Debug|Any CPU
		{485D6FDA-F341-4754-B5F4-428F3DF99933}.Debug|x86.ActiveCfg = Debug|Any CPU
		{485D6FDA-F341-4754-B5F4-428F3DF99933}.Debug|x86.Build.0 = Debug|Any CPU
		{485D6FDA-F341-4754-B5F4-428F3DF99933}.Release|Any CPU.ActiveCfg = Release|Any CPU
		{485D6FDA-F341-4754-B5F4-428F3DF99933}.Release|Any CPU.Build.0 = Release|Any CPU
		{485D6FDA-F341-4754-B5F4-428F3DF99933}.Release|x64.ActiveCfg = Release|Any CPU
		{485D6FDA-F341-4754-B5F4-428F3DF99933}.Release|x64.Build.0 = Release|Any CPU
		{485D6FDA-F341-4754-B5F4-428F3DF99933}.Release|x86.ActiveCfg = Release|Any CPU
		{485D6FDA-F341-4754-B5F4-428F3DF99933}.Release|x86.Build.0 = Release|Any CPU
		{B2A6EEE8-6778-451E-8528-4C8CE8EABD3D}.Debug|Any CPU.ActiveCfg = Debug|Any CPU
		{B2A6EEE8-6778-451E-8528-4C8CE8EABD3D}.Debug|Any CPU.Build.0 = Debug|Any CPU
		{B2A6EEE8-6778-451E-8528-4C8CE8EABD3D}.Debug|x64.ActiveCfg = Debug|Any CPU
		{B2A6EEE8-6778-451E-8528-4C8CE8EABD3D}.Debug|x64.Build.0 = Debug|Any CPU
		{B2A6EEE8-6778-451E-8528-4C8CE8EABD3D}.Debug|x86.ActiveCfg = Debug|Any CPU
		{B2A6EEE8-6778-451E-8528-4C8CE8EABD3D}.Debug|x86.Build.0 = Debug|Any CPU
		{B2A6EEE8-6778-451E-8528-4C8CE8EABD3D}.Release|Any CPU.ActiveCfg = Release|Any CPU
		{B2A6EEE8-6778-451E-8528-4C8CE8EABD3D}.Release|Any CPU.Build.0 = Release|Any CPU
		{B2A6EEE8-6778-451E-8528-4C8CE8EABD3D}.Release|x64.ActiveCfg = Release|Any CPU
		{B2A6EEE8-6778-451E-8528-4C8CE8EABD3D}.Release|x64.Build.0 = Release|Any CPU
		{B2A6EEE8-6778-451E-8528-4C8CE8EABD3D}.Release|x86.ActiveCfg = Release|Any CPU
		{B2A6EEE8-6778-451E-8528-4C8CE8EABD3D}.Release|x86.Build.0 = Release|Any CPU
		{4B7F7DFD-0E8E-4626-B109-294327F42C2A}.Debug|Any CPU.ActiveCfg = Debug|Any CPU
		{4B7F7DFD-0E8E-4626-B109-294327F42C2A}.Debug|Any CPU.Build.0 = Debug|Any CPU
		{4B7F7DFD-0E8E-4626-B109-294327F42C2A}.Debug|x64.ActiveCfg = Debug|Any CPU
		{4B7F7DFD-0E8E-4626-B109-294327F42C2A}.Debug|x64.Build.0 = Debug|Any CPU
		{4B7F7DFD-0E8E-4626-B109-294327F42C2A}.Debug|x86.ActiveCfg = Debug|Any CPU
		{4B7F7DFD-0E8E-4626-B109-294327F42C2A}.Debug|x86.Build.0 = Debug|Any CPU
		{4B7F7DFD-0E8E-4626-B109-294327F42C2A}.Release|Any CPU.ActiveCfg = Release|Any CPU
		{4B7F7DFD-0E8E-4626-B109-294327F42C2A}.Release|Any CPU.Build.0 = Release|Any CPU
		{4B7F7DFD-0E8E-4626-B109-294327F42C2A}.Release|x64.ActiveCfg = Release|Any CPU
		{4B7F7DFD-0E8E-4626-B109-294327F42C2A}.Release|x64.Build.0 = Release|Any CPU
		{4B7F7DFD-0E8E-4626-B109-294327F42C2A}.Release|x86.ActiveCfg = Release|Any CPU
		{4B7F7DFD-0E8E-4626-B109-294327F42C2A}.Release|x86.Build.0 = Release|Any CPU
		{6C0EB449-8A39-46F4-945B-F67F796AE2FC}.Debug|Any CPU.ActiveCfg = Debug|Any CPU
		{6C0EB449-8A39-46F4-945B-F67F796AE2FC}.Debug|Any CPU.Build.0 = Debug|Any CPU
		{6C0EB449-8A39-46F4-945B-F67F796AE2FC}.Debug|x64.ActiveCfg = Debug|Any CPU
		{6C0EB449-8A39-46F4-945B-F67F796AE2FC}.Debug|x64.Build.0 = Debug|Any CPU
		{6C0EB449-8A39-46F4-945B-F67F796AE2FC}.Debug|x86.ActiveCfg = Debug|Any CPU
		{6C0EB449-8A39-46F4-945B-F67F796AE2FC}.Debug|x86.Build.0 = Debug|Any CPU
		{6C0EB449-8A39-46F4-945B-F67F796AE2FC}.Release|Any CPU.ActiveCfg = Release|Any CPU
		{6C0EB449-8A39-46F4-945B-F67F796AE2FC}.Release|Any CPU.Build.0 = Release|Any CPU
		{6C0EB449-8A39-46F4-945B-F67F796AE2FC}.Release|x64.ActiveCfg = Release|Any CPU
		{6C0EB449-8A39-46F4-945B-F67F796AE2FC}.Release|x64.Build.0 = Release|Any CPU
		{6C0EB449-8A39-46F4-945B-F67F796AE2FC}.Release|x86.ActiveCfg = Release|Any CPU
		{6C0EB449-8A39-46F4-945B-F67F796AE2FC}.Release|x86.Build.0 = Release|Any CPU
		{51C0C5D4-BD3B-4D44-A57C-546C144E7F9D}.Debug|Any CPU.ActiveCfg = Debug|Any CPU
		{51C0C5D4-BD3B-4D44-A57C-546C144E7F9D}.Debug|Any CPU.Build.0 = Debug|Any CPU
		{51C0C5D4-BD3B-4D44-A57C-546C144E7F9D}.Debug|x64.ActiveCfg = Debug|Any CPU
		{51C0C5D4-BD3B-4D44-A57C-546C144E7F9D}.Debug|x64.Build.0 = Debug|Any CPU
		{51C0C5D4-BD3B-4D44-A57C-546C144E7F9D}.Debug|x86.ActiveCfg = Debug|Any CPU
		{51C0C5D4-BD3B-4D44-A57C-546C144E7F9D}.Debug|x86.Build.0 = Debug|Any CPU
		{51C0C5D4-BD3B-4D44-A57C-546C144E7F9D}.Release|Any CPU.ActiveCfg = Release|Any CPU
		{51C0C5D4-BD3B-4D44-A57C-546C144E7F9D}.Release|Any CPU.Build.0 = Release|Any CPU
		{51C0C5D4-BD3B-4D44-A57C-546C144E7F9D}.Release|x64.ActiveCfg = Release|Any CPU
		{51C0C5D4-BD3B-4D44-A57C-546C144E7F9D}.Release|x64.Build.0 = Release|Any CPU
		{51C0C5D4-BD3B-4D44-A57C-546C144E7F9D}.Release|x86.ActiveCfg = Release|Any CPU
		{51C0C5D4-BD3B-4D44-A57C-546C144E7F9D}.Release|x86.Build.0 = Release|Any CPU
		{0FBB088F-CF0B-4A88-B616-277F0558096E}.Debug|Any CPU.ActiveCfg = Debug|Any CPU
		{0FBB088F-CF0B-4A88-B616-277F0558096E}.Debug|Any CPU.Build.0 = Debug|Any CPU
		{0FBB088F-CF0B-4A88-B616-277F0558096E}.Debug|x64.ActiveCfg = Debug|Any CPU
		{0FBB088F-CF0B-4A88-B616-277F0558096E}.Debug|x64.Build.0 = Debug|Any CPU
		{0FBB088F-CF0B-4A88-B616-277F0558096E}.Debug|x86.ActiveCfg = Debug|Any CPU
		{0FBB088F-CF0B-4A88-B616-277F0558096E}.Debug|x86.Build.0 = Debug|Any CPU
		{0FBB088F-CF0B-4A88-B616-277F0558096E}.Release|Any CPU.ActiveCfg = Release|Any CPU
		{0FBB088F-CF0B-4A88-B616-277F0558096E}.Release|Any CPU.Build.0 = Release|Any CPU
		{0FBB088F-CF0B-4A88-B616-277F0558096E}.Release|x64.ActiveCfg = Release|Any CPU
		{0FBB088F-CF0B-4A88-B616-277F0558096E}.Release|x64.Build.0 = Release|Any CPU
		{0FBB088F-CF0B-4A88-B616-277F0558096E}.Release|x86.ActiveCfg = Release|Any CPU
		{0FBB088F-CF0B-4A88-B616-277F0558096E}.Release|x86.Build.0 = Release|Any CPU
		{CD627C27-3B3B-4660-874A-1D9F6BBB7B13}.Debug|Any CPU.ActiveCfg = Debug|Any CPU
		{CD627C27-3B3B-4660-874A-1D9F6BBB7B13}.Debug|Any CPU.Build.0 = Debug|Any CPU
		{CD627C27-3B3B-4660-874A-1D9F6BBB7B13}.Debug|x64.ActiveCfg = Debug|Any CPU
		{CD627C27-3B3B-4660-874A-1D9F6BBB7B13}.Debug|x64.Build.0 = Debug|Any CPU
		{CD627C27-3B3B-4660-874A-1D9F6BBB7B13}.Debug|x86.ActiveCfg = Debug|Any CPU
		{CD627C27-3B3B-4660-874A-1D9F6BBB7B13}.Debug|x86.Build.0 = Debug|Any CPU
		{CD627C27-3B3B-4660-874A-1D9F6BBB7B13}.Release|Any CPU.ActiveCfg = Release|Any CPU
		{CD627C27-3B3B-4660-874A-1D9F6BBB7B13}.Release|Any CPU.Build.0 = Release|Any CPU
		{CD627C27-3B3B-4660-874A-1D9F6BBB7B13}.Release|x64.ActiveCfg = Release|Any CPU
		{CD627C27-3B3B-4660-874A-1D9F6BBB7B13}.Release|x64.Build.0 = Release|Any CPU
		{CD627C27-3B3B-4660-874A-1D9F6BBB7B13}.Release|x86.ActiveCfg = Release|Any CPU
		{CD627C27-3B3B-4660-874A-1D9F6BBB7B13}.Release|x86.Build.0 = Release|Any CPU
	EndGlobalSection
EndGlobal
